{
    "version": 3,
    "terraform_version": "0.11.13",
    "serial": 2,
    "lineage": "ea6fa2aa-ba7c-9ddc-e9d7-1462553892c4",
    "modules": [
        {
            "path": [
                "root"
            ],
            "outputs": {},
            "resources": {
                "aws_instance.tf_test": {
                    "type": "aws_instance",
                    "depends_on": [
                        "aws_key_pair.tf"
                    ],
                    "primary": {
                        "id": "i-02a730fbc7b47bd27",
                        "attributes": {
                            "ami": "ami-04768381bf606e2b3",
                            "arn": "arn:aws:ec2:us-east-2:684408657431:instance/i-02a730fbc7b47bd27",
                            "associate_public_ip_address": "true",
                            "availability_zone": "us-east-2c",
                            "cpu_core_count": "1",
                            "cpu_threads_per_core": "1",
                            "credit_specification.#": "1",
                            "credit_specification.0.cpu_credits": "standard",
                            "disable_api_termination": "false",
                            "ebs_block_device.#": "0",
                            "ebs_optimized": "false",
                            "ephemeral_block_device.#": "0",
                            "get_password_data": "false",
                            "iam_instance_profile": "SSMRoleForEC2",
                            "id": "i-02a730fbc7b47bd27",
                            "instance_state": "running",
                            "instance_type": "t2.micro",
                            "ipv6_address_count": "0",
                            "ipv6_addresses.#": "0",
                            "key_name": "tf",
                            "monitoring": "false",
                            "network_interface.#": "0",
                            "password_data": "",
                            "placement_group": "",
                            "primary_network_interface_id": "eni-0a770d7caaf837218",
                            "private_dns": "ip-172-31-46-105.us-east-2.compute.internal",
                            "private_ip": "172.31.46.105",
                            "public_dns": "ec2-18-224-184-222.us-east-2.compute.amazonaws.com",
                            "public_ip": "18.224.184.222",
                            "root_block_device.#": "1",
                            "root_block_device.0.delete_on_termination": "true",
                            "root_block_device.0.iops": "100",
                            "root_block_device.0.volume_id": "vol-0778272a051ba52c9",
                            "root_block_device.0.volume_size": "8",
                            "root_block_device.0.volume_type": "gp2",
                            "security_groups.#": "1",
                            "security_groups.3814588639": "default",
                            "source_dest_check": "true",
                            "subnet_id": "subnet-92dd04de",
                            "tags.%": "1",
                            "tags.Name": "tf_test",
                            "tenancy": "default",
                            "user_data": "772775c60cb460dea3f00bfb7c342ffdc3bf30ac",
                            "volume_tags.%": "0",
                            "vpc_security_group_ids.#": "1",
                            "vpc_security_group_ids.4075773989": "sg-93e278fd"
                        },
                        "meta": {
                            "e2bfb730-ecaa-11e6-8f88-34363bc7c4c0": {
                                "create": 600000000000,
                                "delete": 1200000000000,
                                "update": 600000000000
                            },
                            "schema_version": "1"
                        },
                        "tainted": false
                    },
                    "deposed": [],
                    "provider": "provider.aws"
                },
                "aws_key_pair.tf": {
                    "type": "aws_key_pair",
                    "depends_on": [],
                    "primary": {
                        "id": "tf",
                        "attributes": {
                            "fingerprint": "39:ae:f7:c9:3e:b5:82:15:61:b0:91:0b:33:28:eb:36",
                            "id": "tf",
                            "key_name": "tf",
                            "public_key": "ssh-rsa AAAAB3NzaC1yc2EAAAADAQABAAABAQDMwm2z0dOwlKhvIEY2Pbecm8zqU5bIoIUvQPywTBUsViiCY+USf6kSzzsMOoRp4dNvxnQIPBquKcbNiHx5QSB9WvkTJIvy6h2j8pkFhHEnnx+3BAxXjO/94WpD1+DQ2nUZPWDyVb0aQJHAArRZlGr0279uRRUQql4YsBz+x4s8Ij0j3uHG8iwOvpcAwMXTvcmrt8u58c0uYGXAfS+Nw/hcowRVchFwCYgiWZaoJJg2j6gZkTmVf8PT40KngNUERMti/khfdg/xFViqGRXX6YKqKHYprzQQ7XwJ3a0VSxQUMJ271ULK4BOX1NKfvaKtmZP8qevjFMPDkfLZRs3TtmmH root@ip-172-31-38-125.us-east-2.compute.internal"
                        },
                        "meta": {
                            "schema_version": "1"
                        },
                        "tainted": false
                    },
                    "deposed": [],
                    "provider": "provider.aws"
                }
            },
            "depends_on": []
        }
    ]
}
